
Microsoft Visual Studio Solution File, Format Version 12.00
# Visual Studio 15
VisualStudioVersion = 15.0.28010.2026
MinimumVisualStudioVersion = 10.0.40219.1
Project("{FAE04EC0-301F-11D3-BF4B-00C04F79EFBC}") = "ControllerDI", "ControllerDI\ControllerDI.csproj", "{DE3D7E95-75F6-4F6D-87D7-237537EE1B3F}"
EndProject
Global
	GlobalSection(SolutionConfigurationPlatforms) = preSolution
		Debug|Any CPU = Debug|Any CPU
		Release|Any CPU = Release|Any CPU
	EndGlobalSection
	GlobalSection(ProjectConfigurationPlatforms) = postSolution
		{DE3D7E95-75F6-4F6D-87D7-237537EE1B3F}.Debug|Any CPU.ActiveCfg = Debug|Any CPU
		{DE3D7E95-75F6-4F6D-87D7-237537EE1B3F}.Debug|Any CPU.Build.0 = Debug|Any CPU
		{DE3D7E95-75F6-4F6D-87D7-237537EE1B3F}.Release|Any CPU.ActiveCfg = Release|Any CPU
		{DE3D7E95-75F6-4F6D-87D7-237537EE1B3F}.Release|Any CPU.Build.0 = Release|Any CPU
	EndGlobalSection
	GlobalSection(SolutionProperties) = preSolution
		HideSolutionNode = FALSE
	EndGlobalSection
	GlobalSection(ExtensibilityGlobals) = postSolution
		SolutionGuid = {A2BB68F1-FE51-40F9-B24A-DD27C9AC08F1}
	EndGlobalSection
EndGlobal
