
Microsoft Visual Studio Solution File, Format Version 12.00
# Visual Studio 15
VisualStudioVersion = 15.0.28010.2026
MinimumVisualStudioVersion = 10.0.40219.1
Project("{FAE04EC0-301F-11D3-BF4B-00C04F79EFBC}") = "ContactManagerMVC", "ContactManagerMVC\ContactManagerMVC.csproj", "{E61FD8A8-229B-4E6F-82C7-76F3C366C4CB}"
EndProject
Global
	GlobalSection(SolutionConfigurationPlatforms) = preSolution
		Debug|Any CPU = Debug|Any CPU
		Release|Any CPU = Release|Any CPU
	EndGlobalSection
	GlobalSection(ProjectConfigurationPlatforms) = postSolution
		{E61FD8A8-229B-4E6F-82C7-76F3C366C4CB}.Debug|Any CPU.ActiveCfg = Debug|Any CPU
		{E61FD8A8-229B-4E6F-82C7-76F3C366C4CB}.Debug|Any CPU.Build.0 = Debug|Any CPU
		{E61FD8A8-229B-4E6F-82C7-76F3C366C4CB}.Release|Any CPU.ActiveCfg = Release|Any CPU
		{E61FD8A8-229B-4E6F-82C7-76F3C366C4CB}.Release|Any CPU.Build.0 = Release|Any CPU
	EndGlobalSection
	GlobalSection(SolutionProperties) = preSolution
		HideSolutionNode = FALSE
	EndGlobalSection
	GlobalSection(ExtensibilityGlobals) = postSolution
		SolutionGuid = {7C558621-EC56-432A-958D-67641E3B0928}
	EndGlobalSection
EndGlobal
